
Microsoft Visual Studio Solution File, Format Version 12.00
# Visual Studio Version 16
VisualStudioVersion = 16.0.29409.12
MinimumVisualStudioVersion = 10.0.40219.1
Project("{FAE04EC0-301F-11D3-BF4B-00C04F79EFBC}") = "XML_Individual_Assignment", "XML_Individual_Assignment\XML_Individual_Assignment.csproj", "{388E5B18-67CD-4833-BB8B-E808E4C67BEF}"
EndProject
Global
	GlobalSection(SolutionConfigurationPlatforms) = preSolution
		Debug|Any CPU = Debug|Any CPU
		Release|Any CPU = Release|Any CPU
	EndGlobalSection
	GlobalSection(ProjectConfigurationPlatforms) = postSolution
		{388E5B18-67CD-4833-BB8B-E808E4C67BEF}.Debug|Any CPU.ActiveCfg = Debug|Any CPU
		{388E5B18-67CD-4833-BB8B-E808E4C67BEF}.Debug|Any CPU.Build.0 = Debug|Any CPU
		{388E5B18-67CD-4833-BB8B-E808E4C67BEF}.Release|Any CPU.ActiveCfg = Release|Any CPU
		{388E5B18-67CD-4833-BB8B-E808E4C67BEF}.Release|Any CPU.Build.0 = Release|Any CPU
	EndGlobalSection
	GlobalSection(SolutionProperties) = preSolution
		HideSolutionNode = FALSE
	EndGlobalSection
	GlobalSection(ExtensibilityGlobals) = postSolution
		SolutionGuid = {F60DDBDE-1F56-4006-834B-0CAF16E8FE37}
	EndGlobalSection
EndGlobal
